// !$*UTF8*$!
{
	archiveVersion = 1;
	classes = {
	};
	objectVersion = 50;
	objects = {

/* Begin PBXBuildFile section */
		9F6B01B7245B8425002AD472 /* AppDelegate.swift in Sources */ = {isa = PBXBuildFile; fileRef = 9F6B01B6245B8425002AD472 /* AppDelegate.swift */; };
		9F6B01B9245B8425002AD472 /* SceneDelegate.swift in Sources */ = {isa = PBXBuildFile; fileRef = 9F6B01B8245B8425002AD472 /* SceneDelegate.swift */; };
		9F6B01BB245B8425002AD472 /* TestViewController.swift in Sources */ = {isa = PBXBuildFile; fileRef = 9F6B01BA245B8425002AD472 /* TestViewController.swift */; };
		9F6B01BE245B8425002AD472 /* Main.storyboard in Resources */ = {isa = PBXBuildFile; fileRef = 9F6B01BC245B8425002AD472 /* Main.storyboard */; };
		9F6B01C0245B8427002AD472 /* Assets.xcassets in Resources */ = {isa = PBXBuildFile; fileRef = 9F6B01BF245B8427002AD472 /* Assets.xcassets */; };
		9F6B01C3245B8427002AD472 /* LaunchScreen.storyboard in Resources */ = {isa = PBXBuildFile; fileRef = 9F6B01C1245B8427002AD472 /* LaunchScreen.storyboard */; };
		9FCE3754245E997D009D48FB /* HomeViewController.swift in Sources */ = {isa = PBXBuildFile; fileRef = 9FCE3753245E997D009D48FB /* HomeViewController.swift */; };
		9FCE375A245EDDA0009D48FB /* LetterViewCell.swift in Sources */ = {isa = PBXBuildFile; fileRef = 9FCE3759245EDDA0009D48FB /* LetterViewCell.swift */; };
		9FCE375C245EE816009D48FB /* Test.swift in Sources */ = {isa = PBXBuildFile; fileRef = 9FCE375B245EE816009D48FB /* Test.swift */; };
		9FCE3761245EE846009D48FB /* ResultsTableViewController.swift in Sources */ = {isa = PBXBuildFile; fileRef = 9FCE375D245EE845009D48FB /* ResultsTableViewController.swift */; };
		9FCE3762245EE846009D48FB /* FinishTestViewController.swift in Sources */ = {isa = PBXBuildFile; fileRef = 9FCE375E245EE845009D48FB /* FinishTestViewController.swift */; };
		9FCE3763245EE846009D48FB /* README.md in Resources */ = {isa = PBXBuildFile; fileRef = 9FCE375F245EE845009D48FB /* README.md */; };
/* End PBXBuildFile section */

/* Begin PBXFileReference section */
		9F6B01B3245B8425002AD472 /* Hangul.app */ = {isa = PBXFileReference; explicitFileType = wrapper.application; includeInIndex = 0; path = Hangul.app; sourceTree = BUILT_PRODUCTS_DIR; };
		9F6B01B6245B8425002AD472 /* AppDelegate.swift */ = {isa = PBXFileReference; lastKnownFileType = sourcecode.swift; path = AppDelegate.swift; sourceTree = "<group>"; };
		9F6B01B8245B8425002AD472 /* SceneDelegate.swift */ = {isa = PBXFileReference; lastKnownFileType = sourcecode.swift; path = SceneDelegate.swift; sourceTree = "<group>"; };
		9F6B01BA245B8425002AD472 /* TestViewController.swift */ = {isa = PBXFileReference; lastKnownFileType = sourcecode.swift; path = TestViewController.swift; sourceTree = "<group>"; };
		9F6B01BD245B8425002AD472 /* Base */ = {isa = PBXFileReference; lastKnownFileType = file.storyboard; name = Base; path = Base.lproj/Main.storyboard; sourceTree = "<group>"; };
		9F6B01BF245B8427002AD472 /* Assets.xcassets */ = {isa = PBXFileReference; lastKnownFileType = folder.assetcatalog; path = Assets.xcassets; sourceTree = "<group>"; };
		9F6B01C2245B8427002AD472 /* Base */ = {isa = PBXFileReference; lastKnownFileType = file.storyboard; name = Base; path = Base.lproj/LaunchScreen.storyboard; sourceTree = "<group>"; };
		9F6B01C4245B8427002AD472 /* Info.plist */ = {isa = PBXFileReference; lastKnownFileType = text.plist.xml; path = Info.plist; sourceTree = "<group>"; };
		9FCE3753245E997D009D48FB /* HomeViewController.swift */ = {isa = PBXFileReference; lastKnownFileType = sourcecode.swift; path = HomeViewController.swift; sourceTree = "<group>"; };
		9FCE3759245EDDA0009D48FB /* LetterViewCell.swift */ = {isa = PBXFileReference; lastKnownFileType = sourcecode.swift; path = LetterViewCell.swift; sourceTree = "<group>"; };
		9FCE375B245EE816009D48FB /* Test.swift */ = {isa = PBXFileReference; fileEncoding = 4; lastKnownFileType = sourcecode.swift; path = Test.swift; sourceTree = "<group>"; };
		9FCE375D245EE845009D48FB /* ResultsTableViewController.swift */ = {isa = PBXFileReference; fileEncoding = 4; lastKnownFileType = sourcecode.swift; path = ResultsTableViewController.swift; sourceTree = "<group>"; };
		9FCE375E245EE845009D48FB /* FinishTestViewController.swift */ = {isa = PBXFileReference; fileEncoding = 4; lastKnownFileType = sourcecode.swift; path = FinishTestViewController.swift; sourceTree = "<group>"; };
		9FCE375F245EE845009D48FB /* README.md */ = {isa = PBXFileReference; fileEncoding = 4; lastKnownFileType = net.daringfireball.markdown; path = README.md; sourceTree = "<group>"; };
/* End PBXFileReference section */

/* Begin PBXFrameworksBuildPhase section */
		9F6B01B0245B8425002AD472 /* Frameworks */ = {
			isa = PBXFrameworksBuildPhase;
			buildActionMask = 2147483647;
			files = (
			);
			runOnlyForDeploymentPostprocessing = 0;
		};
/* End PBXFrameworksBuildPhase section */

/* Begin PBXGroup section */
		9F6B01AA245B8425002AD472 = {
			isa = PBXGroup;
			children = (
				9F6B01B5245B8425002AD472 /* Hangul */,
				9F6B01B4245B8425002AD472 /* Products */,
			);
			sourceTree = "<group>";
		};
		9F6B01B4245B8425002AD472 /* Products */ = {
			isa = PBXGroup;
			children = (
				9F6B01B3245B8425002AD472 /* Hangul.app */,
			);
			name = Products;
			sourceTree = "<group>";
		};
		9F6B01B5245B8425002AD472 /* Hangul */ = {
			isa = PBXGroup;
			children = (
				9FCE375E245EE845009D48FB /* FinishTestViewController.swift */,
				9FCE375F245EE845009D48FB /* README.md */,
				9FCE3759245EDDA0009D48FB /* LetterViewCell.swift */,
				9FCE3753245E997D009D48FB /* HomeViewController.swift */,
				9F6B01B6245B8425002AD472 /* AppDelegate.swift */,
				9F6B01B8245B8425002AD472 /* SceneDelegate.swift */,
				9FCE375D245EE845009D48FB /* ResultsTableViewController.swift */,
				9F6B01BA245B8425002AD472 /* TestViewController.swift */,
				9FCE375B245EE816009D48FB /* Test.swift */,
				9F6B01BC245B8425002AD472 /* Main.storyboard */,
				9F6B01BF245B8427002AD472 /* Assets.xcassets */,
				9F6B01C1245B8427002AD472 /* LaunchScreen.storyboard */,
				9F6B01C4245B8427002AD472 /* Info.plist */,
			);
			path = Hangul;
			sourceTree = "<group>";
		};
/* End PBXGroup section */

/* Begin PBXNativeTarget section */
		9F6B01B2245B8425002AD472 /* Hangul */ = {
			isa = PBXNativeTarget;
			buildConfigurationList = 9F6B01C7245B8427002AD472 /* Build configuration list for PBXNativeTarget "Hangul" */;
			buildPhases = (
				9F6B01AF245B8425002AD472 /* Sources */,
				9F6B01B0245B8425002AD472 /* Frameworks */,
				9F6B01B1245B8425002AD472 /* Resources */,
			);
			buildRules = (
			);
			dependencies = (
			);
			name = Hangul;
			productName = Hangul;
			productReference = 9F6B01B3245B8425002AD472 /* Hangul.app */;
			productType = "com.apple.product-type.application";
		};
/* End PBXNativeTarget section */

/* Begin PBXProject section */
		9F6B01AB245B8425002AD472 /* Project object */ = {
			isa = PBXProject;
			attributes = {
				LastSwiftUpdateCheck = 1140;
				LastUpgradeCheck = 1140;
				ORGANIZATIONNAME = "Ted Bennett";
				TargetAttributes = {
					9F6B01B2245B8425002AD472 = {
						CreatedOnToolsVersion = 11.4.1;
					};
				};
			};
			buildConfigurationList = 9F6B01AE245B8425002AD472 /* Build configuration list for PBXProject "Hangul" */;
			compatibilityVersion = "Xcode 9.3";
			developmentRegion = en;
			hasScannedForEncodings = 0;
			knownRegions = (
				en,
				Base,
			);
			mainGroup = 9F6B01AA245B8425002AD472;
			productRefGroup = 9F6B01B4245B8425002AD472 /* Products */;
			projectDirPath = "";
			projectRoot = "";
			targets = (
				9F6B01B2245B8425002AD472 /* Hangul */,
			);
		};
/* End PBXProject section */

/* Begin PBXResourcesBuildPhase section */
		9F6B01B1245B8425002AD472 /* Resources */ = {
			isa = PBXResourcesBuildPhase;
			buildActionMask = 2147483647;
			files = (
				9F6B01C3245B8427002AD472 /* LaunchScreen.storyboard in Resources */,
				9F6B01C0245B8427002AD472 /* Assets.xcassets in Resources */,
				9FCE3763245EE846009D48FB /* README.md in Resources */,
				9F6B01BE245B8425002AD472 /* Main.storyboard in Resources */,
			);
			runOnlyForDeploymentPostprocessing = 0;
		};
/* End PBXResourcesBuildPhase section */

/* Begin PBXSourcesBuildPhase section */
		9F6B01AF245B8425002AD472 /* Sources */ = {
			isa = PBXSourcesBuildPhase;
			buildActionMask = 2147483647;
			files = (
				9FCE3754245E997D009D48FB /* HomeViewController.swift in Sources */,
				9FCE375C245EE816009D48FB /* Test.swift in Sources */,
				9FCE375A245EDDA0009D48FB /* LetterViewCell.swift in Sources */,
				9FCE3761245EE846009D48FB /* ResultsTableViewController.swift in Sources */,
				9F6B01BB245B8425002AD472 /* TestViewController.swift in Sources */,
				9F6B01B7245B8425002AD472 /* AppDelegate.swift in Sources */,
				9FCE3762245EE846009D48FB /* FinishTestViewController.swift in Sources */,
				9F6B01B9245B8425002AD472 /* SceneDelegate.swift in Sources */,
			);
			runOnlyForDeploymentPostprocessing = 0;
		};
/* End PBXSourcesBuildPhase section */

/* Begin PBXVariantGroup section */
		9F6B01BC245B8425002AD472 /* Main.storyboard */ = {
			isa = PBXVariantGroup;
			children = (
				9F6B01BD245B8425002AD472 /* Base */,
			);
			name = Main.storyboard;
			sourceTree = "<group>";
		};
		9F6B01C1245B8427002AD472 /* LaunchScreen.storyboard */ = {
			isa = PBXVariantGroup;
			children = (
				9F6B01C2245B8427002AD472 /* Base */,
			);
			name = LaunchScreen.storyboard;
			sourceTree = "<group>";
		};
/* End PBXVariantGroup section */

/* Begin XCBuildConfiguration section */
		9F6B01C5245B8427002AD472 /* Debug */ = {
			isa = XCBuildConfiguration;
			buildSettings = {
				ALWAYS_SEARCH_USER_PATHS = NO;
				CLANG_ANALYZER_NONNULL = YES;
				CLANG_ANALYZER_NUMBER_OBJECT_CONVERSION = YES_AGGRESSIVE;
				CLANG_CXX_LANGUAGE_STANDARD = "gnu++14";
				CLANG_CXX_LIBRARY = "libc++";
				CLANG_ENABLE_MODULES = YES;
				CLANG_ENABLE_OBJC_ARC = YES;
				CLANG_ENABLE_OBJC_WEAK = YES;
				CLANG_WARN_BLOCK_CAPTURE_AUTORELEASING = YES;
				CLANG_WARN_BOOL_CONVERSION = YES;
				CLANG_WARN_COMMA = YES;
				CLANG_WARN_CONSTANT_CONVERSION = YES;
				CLANG_WARN_DEPRECATED_OBJC_IMPLEMENTATIONS = YES;
				CLANG_WARN_DIRECT_OBJC_ISA_USAGE = YES_ERROR;
				CLANG_WARN_DOCUMENTATION_COMMENTS = YES;
				CLANG_WARN_EMPTY_BODY = YES;
				CLANG_WARN_ENUM_CONVERSION = YES;
				CLANG_WARN_INFINITE_RECURSION = YES;
				CLANG_WARN_INT_CONVERSION = YES;
				CLANG_WARN_NON_LITERAL_NULL_CONVERSION = YES;
				CLANG_WARN_OBJC_IMPLICIT_RETAIN_SELF = YES;
				CLANG_WARN_OBJC_LITERAL_CONVERSION = YES;
				CLANG_WARN_OBJC_ROOT_CLASS = YES_ERROR;
				CLANG_WARN_RANGE_LOOP_ANALYSIS = YES;
				CLANG_WARN_STRICT_PROTOTYPES = YES;
				CLANG_WARN_SUSPICIOUS_MOVE = YES;
				CLANG_WARN_UNGUARDED_AVAILABILITY = YES_AGGRESSIVE;
				CLANG_WARN_UNREACHABLE_CODE = YES;
				CLANG_WARN__DUPLICATE_METHOD_MATCH = YES;
				COPY_PHASE_STRIP = NO;
				DEBUG_INFORMATION_FORMAT = dwarf;
				ENABLE_STRICT_OBJC_MSGSEND = YES;
				ENABLE_TESTABILITY = YES;
				GCC_C_LANGUAGE_STANDARD = gnu11;
				GCC_DYNAMIC_NO_PIC = NO;
				GCC_NO_COMMON_BLOCKS = YES;
				GCC_OPTIMIZATION_LEVEL = 0;
				GCC_PREPROCESSOR_DEFINITIONS = (
					"DEBUG=1",
					"$(inherited)",
				);
				GCC_WARN_64_TO_32_BIT_CONVERSION = YES;
				GCC_WARN_ABOUT_RETURN_TYPE = YES_ERROR;
				GCC_WARN_UNDECLARED_SELECTOR = YES;
				GCC_WARN_UNINITIALIZED_AUTOS = YES_AGGRESSIVE;
				GCC_WARN_UNUSED_FUNCTION = YES;
				GCC_WARN_UNUSED_VARIABLE = YES;
				IPHONEOS_DEPLOYMENT_TARGET = 13.4;
				MTL_ENABLE_DEBUG_INFO = INCLUDE_SOURCE;
				MTL_FAST_MATH = YES;
				ONLY_ACTIVE_ARCH = YES;
				SDKROOT = iphoneos;
				SWIFT_ACTIVE_COMPILATION_CONDITIONS = DEBUG;
				SWIFT_OPTIMIZATION_LEVEL = "-Onone";
			};
			name = Debug;
		};
		9F6B01C6245B8427002AD472 /* Release */ = {
			isa = XCBuildConfiguration;
			buildSettings = {
				ALWAYS_SEARCH_USER_PATHS = NO;
				CLANG_ANALYZER_NONNULL = YES;
				CLANG_ANALYZER_NUMBER_OBJECT_CONVERSION = YES_AGGRESSIVE;
				CLANG_CXX_LANGUAGE_STANDARD = "gnu++14";
				CLANG_CXX_LIBRARY = "libc++";
				CLANG_ENABLE_MODULES = YES;
				CLANG_ENABLE_OBJC_ARC = YES;
				CLANG_ENABLE_OBJC_WEAK = YES;
				CLANG_WARN_BLOCK_CAPTURE_AUTORELEASING = YES;
				CLANG_WARN_BOOL_CONVERSION = YES;
				CLANG_WARN_COMMA = YES;
				CLANG_WARN_CONSTANT_CONVERSION = YES;
				CLANG_WARN_DEPRECATED_OBJC_IMPLEMENTATIONS = YES;
				CLANG_WARN_DIRECT_OBJC_ISA_USAGE = YES_ERROR;
				CLANG_WARN_DOCUMENTATION_COMMENTS = YES;
				CLANG_WARN_EMPTY_BODY = YES;
				CLANG_WARN_ENUM_CONVERSION = YES;
				CLANG_WARN_INFINITE_RECURSION = YES;
				CLANG_WARN_INT_CONVERSION = YES;
				CLANG_WARN_NON_LITERAL_NULL_CONVERSION = YES;
				CLANG_WARN_OBJC_IMPLICIT_RETAIN_SELF = YES;
				CLANG_WARN_OBJC_LITERAL_CONVERSION = YES;
				CLANG_WARN_OBJC_ROOT_CLASS = YES_ERROR;
				CLANG_WARN_RANGE_LOOP_ANALYSIS = YES;
				CLANG_WARN_STRICT_PROTOTYPES = YES;
				CLANG_WARN_SUSPICIOUS_MOVE = YES;
				CLANG_WARN_UNGUARDED_AVAILABILITY = YES_AGGRESSIVE;
				CLANG_WARN_UNREACHABLE_CODE = YES;
				CLANG_WARN__DUPLICATE_METHOD_MATCH = YES;
				COPY_PHASE_STRIP = NO;
				DEBUG_INFORMATION_FORMAT = "dwarf-with-dsym";
				ENABLE_NS_ASSERTIONS = NO;
				ENABLE_STRICT_OBJC_MSGSEND = YES;
				GCC_C_LANGUAGE_STANDARD = gnu11;
				GCC_NO_COMMON_BLOCKS = YES;
				GCC_WARN_64_TO_32_BIT_CONVERSION = YES;
				GCC_WARN_ABOUT_RETURN_TYPE = YES_ERROR;
				GCC_WARN_UNDECLARED_SELECTOR = YES;
				GCC_WARN_UNINITIALIZED_AUTOS = YES_AGGRESSIVE;
				GCC_WARN_UNUSED_FUNCTION = YES;
				GCC_WARN_UNUSED_VARIABLE = YES;
				IPHONEOS_DEPLOYMENT_TARGET = 13.4;
				MTL_ENABLE_DEBUG_INFO = NO;
				MTL_FAST_MATH = YES;
				SDKROOT = iphoneos;
				SWIFT_COMPILATION_MODE = wholemodule;
				SWIFT_OPTIMIZATION_LEVEL = "-O";
				VALIDATE_PRODUCT = YES;
			};
			name = Release;
		};
		9F6B01C8245B8427002AD472 /* Debug */ = {
			isa = XCBuildConfiguration;
			buildSettings = {
				ASSETCATALOG_COMPILER_APPICON_NAME = AppIcon;
				CODE_SIGN_STYLE = Automatic;
				DEVELOPMENT_TEAM = 9Y2AMH5S23;
				INFOPLIST_FILE = Hangul/Info.plist;
				LD_RUNPATH_SEARCH_PATHS = (
					"$(inherited)",
					"@executable_path/Frameworks",
				);
				PRODUCT_BUNDLE_IDENTIFIER = TedB.Hangul;
				PRODUCT_NAME = "$(TARGET_NAME)";
				SWIFT_VERSION = 5.0;
				TARGETED_DEVICE_FAMILY = "1,2";
			};
			name = Debug;
		};
		9F6B01C9245B8427002AD472 /* Release */ = {
			isa = XCBuildConfiguration;
			buildSettings = {
				ASSETCATALOG_COMPILER_APPICON_NAME = AppIcon;
				CODE_SIGN_STYLE = Automatic;
				DEVELOPMENT_TEAM = 9Y2AMH5S23;
				INFOPLIST_FILE = Hangul/Info.plist;
				LD_RUNPATH_SEARCH_PATHS = (
					"$(inherited)",
					"@executable_path/Frameworks",
				);
				PRODUCT_BUNDLE_IDENTIFIER = TedB.Hangul;
				PRODUCT_NAME = "$(TARGET_NAME)";
				SWIFT_VERSION = 5.0;
				TARGETED_DEVICE_FAMILY = "1,2";
			};
			name = Release;
		};
/* End XCBuildConfiguration section */

/* Begin XCConfigurationList section */
		9F6B01AE245B8425002AD472 /* Build configuration list for PBXProject "Hangul" */ = {
			isa = XCConfigurationList;
			buildConfigurations = (
				9F6B01C5245B8427002AD472 /* Debug */,
				9F6B01C6245B8427002AD472 /* Release */,
			);
			defaultConfigurationIsVisible = 0;
			defaultConfigurationName = Release;
		};
		9F6B01C7245B8427002AD472 /* Build configuration list for PBXNativeTarget "Hangul" */ = {
			isa = XCConfigurationList;
			buildConfigurations = (
				9F6B01C8245B8427002AD472 /* Debug */,
				9F6B01C9245B8427002AD472 /* Release */,
			);
			defaultConfigurationIsVisible = 0;
			defaultConfigurationName = Release;
		};
/* End XCConfigurationList section */
	};
	rootObject = 9F6B01AB245B8425002AD472 /* Project object */;
}
